
Microsoft Visual Studio Solution File, Format Version 11.00
# Visual Studio 2010
Project("{FAE04EC0-301F-11D3-BF4B-00C04F79EFBC}") = "Baseline Def", "Assembly-CSharp.csproj", "{57DFC053-DEDD-6D80-81AE-0B900DB1CBDB}"
EndProject
Global
	GlobalSection(SolutionConfigurationPlatforms) = preSolution
		Debug|Any CPU = Debug|Any CPU
		Release|Any CPU = Release|Any CPU
	EndGlobalSection
	GlobalSection(ProjectConfigurationPlatforms) = postSolution
		{57DFC053-DEDD-6D80-81AE-0B900DB1CBDB}.Debug|Any CPU.ActiveCfg = Debug|Any CPU
		{57DFC053-DEDD-6D80-81AE-0B900DB1CBDB}.Debug|Any CPU.Build.0 = Debug|Any CPU
		{57DFC053-DEDD-6D80-81AE-0B900DB1CBDB}.Release|Any CPU.ActiveCfg = Release|Any CPU
		{57DFC053-DEDD-6D80-81AE-0B900DB1CBDB}.Release|Any CPU.Build.0 = Release|Any CPU
	EndGlobalSection
	GlobalSection(SolutionProperties) = preSolution
		HideSolutionNode = FALSE
	EndGlobalSection
	GlobalSection(MonoDevelopProperties) = preSolution
		StartupItem = Assembly-CSharp.csproj
	EndGlobalSection
EndGlobal
